// !$*UTF8*$!
{
	archiveVersion = 1;
	classes = {
	};
	objectVersion = 55;
	objects = {

/* Begin PBXBuildFile section */
		61780ABD29B07458008D2BB4 /* schema.json in Resources */ = {isa = PBXBuildFile; fileRef = 61780ABC29B07458008D2BB4 /* schema.json */; };
		617C551B29AE114B0088C411 /* AppDelegate.swift in Sources */ = {isa = PBXBuildFile; fileRef = 617C551A29AE114B0088C411 /* AppDelegate.swift */; };
		617C551D29AE114B0088C411 /* SceneDelegate.swift in Sources */ = {isa = PBXBuildFile; fileRef = 617C551C29AE114B0088C411 /* SceneDelegate.swift */; };
		617C551F29AE114B0088C411 /* ViewController.swift in Sources */ = {isa = PBXBuildFile; fileRef = 617C551E29AE114B0088C411 /* ViewController.swift */; };
		617C552229AE114B0088C411 /* Main.storyboard in Resources */ = {isa = PBXBuildFile; fileRef = 617C552029AE114B0088C411 /* Main.storyboard */; };
		617C552429AE114C0088C411 /* Assets.xcassets in Resources */ = {isa = PBXBuildFile; fileRef = 617C552329AE114C0088C411 /* Assets.xcassets */; };
		617C552729AE114C0088C411 /* LaunchScreen.storyboard in Resources */ = {isa = PBXBuildFile; fileRef = 617C552529AE114C0088C411 /* LaunchScreen.storyboard */; };
		617C554629AE18240088C411 /* Apollo.swift in Sources */ = {isa = PBXBuildFile; fileRef = 617C554229AE18240088C411 /* Apollo.swift */; };
		617C554729AE18240088C411 /* Queries.graphql in Resources */ = {isa = PBXBuildFile; fileRef = 617C554329AE18240088C411 /* Queries.graphql */; };
		617C554829AE18240088C411 /* API.swift in Sources */ = {isa = PBXBuildFile; fileRef = 617C554429AE18240088C411 /* API.swift */; };
		6180DBD329B5B2BD00341C75 /* LoginWithGraphQLViewController.swift in Sources */ = {isa = PBXBuildFile; fileRef = 6180DBD229B5B2BD00341C75 /* LoginWithGraphQLViewController.swift */; };
		C8EF2C24F58E938A6A811D09 /* Pods_TecorbGraphQL.framework in Frameworks */ = {isa = PBXBuildFile; fileRef = F98D0864C42F87474F55D968 /* Pods_TecorbGraphQL.framework */; };
/* End PBXBuildFile section */

/* Begin PBXFileReference section */
		1244878B5D3A7888B1400690 /* Pods-TecorbGraphQL.release.xcconfig */ = {isa = PBXFileReference; includeInIndex = 1; lastKnownFileType = text.xcconfig; name = "Pods-TecorbGraphQL.release.xcconfig"; path = "Target Support Files/Pods-TecorbGraphQL/Pods-TecorbGraphQL.release.xcconfig"; sourceTree = "<group>"; };
		61780ABC29B07458008D2BB4 /* schema.json */ = {isa = PBXFileReference; fileEncoding = 4; lastKnownFileType = text.json; path = schema.json; sourceTree = "<group>"; };
		617C551A29AE114B0088C411 /* AppDelegate.swift */ = {isa = PBXFileReference; lastKnownFileType = sourcecode.swift; path = AppDelegate.swift; sourceTree = "<group>"; };
		617C551C29AE114B0088C411 /* SceneDelegate.swift */ = {isa = PBXFileReference; lastKnownFileType = sourcecode.swift; path = SceneDelegate.swift; sourceTree = "<group>"; };
		617C551E29AE114B0088C411 /* ViewController.swift */ = {isa = PBXFileReference; lastKnownFileType = sourcecode.swift; path = ViewController.swift; sourceTree = "<group>"; };
		617C552129AE114B0088C411 /* Base */ = {isa = PBXFileReference; lastKnownFileType = file.storyboard; name = Base; path = Base.lproj/Main.storyboard; sourceTree = "<group>"; };
		617C552329AE114C0088C411 /* Assets.xcassets */ = {isa = PBXFileReference; lastKnownFileType = folder.assetcatalog; path = Assets.xcassets; sourceTree = "<group>"; };
		617C552629AE114C0088C411 /* Base */ = {isa = PBXFileReference; lastKnownFileType = file.storyboard; name = Base; path = Base.lproj/LaunchScreen.storyboard; sourceTree = "<group>"; };
		617C552829AE114C0088C411 /* Info.plist */ = {isa = PBXFileReference; lastKnownFileType = text.plist.xml; path = Info.plist; sourceTree = "<group>"; };
		617C554229AE18240088C411 /* Apollo.swift */ = {isa = PBXFileReference; fileEncoding = 4; lastKnownFileType = sourcecode.swift; path = Apollo.swift; sourceTree = "<group>"; };
		617C554329AE18240088C411 /* Queries.graphql */ = {isa = PBXFileReference; fileEncoding = 4; lastKnownFileType = text; path = Queries.graphql; sourceTree = "<group>"; };
		617C554429AE18240088C411 /* API.swift */ = {isa = PBXFileReference; fileEncoding = 4; lastKnownFileType = sourcecode.swift; path = API.swift; sourceTree = "<group>"; };
		6180DBD229B5B2BD00341C75 /* LoginWithGraphQLViewController.swift */ = {isa = PBXFileReference; lastKnownFileType = sourcecode.swift; path = LoginWithGraphQLViewController.swift; sourceTree = "<group>"; };
		6182338629AF71B000DF733D /* TecorbGraphQL.app */ = {isa = PBXFileReference; explicitFileType = wrapper.application; includeInIndex = 0; path = TecorbGraphQL.app; sourceTree = BUILT_PRODUCTS_DIR; };
		6C51AA56922C6369EB03A3E3 /* Pods-TecorbGraphQL.debug.xcconfig */ = {isa = PBXFileReference; includeInIndex = 1; lastKnownFileType = text.xcconfig; name = "Pods-TecorbGraphQL.debug.xcconfig"; path = "Target Support Files/Pods-TecorbGraphQL/Pods-TecorbGraphQL.debug.xcconfig"; sourceTree = "<group>"; };
		F98D0864C42F87474F55D968 /* Pods_TecorbGraphQL.framework */ = {isa = PBXFileReference; explicitFileType = wrapper.framework; includeInIndex = 0; path = Pods_TecorbGraphQL.framework; sourceTree = BUILT_PRODUCTS_DIR; };
/* End PBXFileReference section */

/* Begin PBXFrameworksBuildPhase section */
		617C551429AE114B0088C411 /* Frameworks */ = {
			isa = PBXFrameworksBuildPhase;
			buildActionMask = 2147483647;
			files = (
				C8EF2C24F58E938A6A811D09 /* Pods_TecorbGraphQL.framework in Frameworks */,
			);
			runOnlyForDeploymentPostprocessing = 0;
		};
/* End PBXFrameworksBuildPhase section */

/* Begin PBXGroup section */
		59B7F22DC5A8E25BC12FF060 /* Pods */ = {
			isa = PBXGroup;
			children = (
				6C51AA56922C6369EB03A3E3 /* Pods-TecorbGraphQL.debug.xcconfig */,
				1244878B5D3A7888B1400690 /* Pods-TecorbGraphQL.release.xcconfig */,
			);
			path = Pods;
			sourceTree = "<group>";
		};
		617C550E29AE114B0088C411 = {
			isa = PBXGroup;
			children = (
				617C551929AE114B0088C411 /* TecorbGraphQL */,
				59B7F22DC5A8E25BC12FF060 /* Pods */,
				EB31633FBCD1DBA6A9815F51 /* Frameworks */,
				6182338629AF71B000DF733D /* TecorbGraphQL.app */,
			);
			sourceTree = "<group>";
		};
		617C551929AE114B0088C411 /* TecorbGraphQL */ = {
			isa = PBXGroup;
			children = (
				617C551A29AE114B0088C411 /* AppDelegate.swift */,
				617C551C29AE114B0088C411 /* SceneDelegate.swift */,
				617C551E29AE114B0088C411 /* ViewController.swift */,
				617C554129AE18240088C411 /* GraphQL */,
				617C552029AE114B0088C411 /* Main.storyboard */,
				617C552329AE114C0088C411 /* Assets.xcassets */,
				617C552529AE114C0088C411 /* LaunchScreen.storyboard */,
				617C552829AE114C0088C411 /* Info.plist */,
				6180DBD229B5B2BD00341C75 /* LoginWithGraphQLViewController.swift */,
			);
			path = TecorbGraphQL;
			sourceTree = "<group>";
		};
		617C554129AE18240088C411 /* GraphQL */ = {
			isa = PBXGroup;
			children = (
				617C554229AE18240088C411 /* Apollo.swift */,
				617C554329AE18240088C411 /* Queries.graphql */,
				61780ABC29B07458008D2BB4 /* schema.json */,
				617C554429AE18240088C411 /* API.swift */,
			);
			path = GraphQL;
			sourceTree = "<group>";
		};
		EB31633FBCD1DBA6A9815F51 /* Frameworks */ = {
			isa = PBXGroup;
			children = (
				F98D0864C42F87474F55D968 /* Pods_TecorbGraphQL.framework */,
			);
			name = Frameworks;
			sourceTree = "<group>";
		};
/* End PBXGroup section */

/* Begin PBXNativeTarget section */
		617C551629AE114B0088C411 /* TecorbGraphQL */ = {
			isa = PBXNativeTarget;
			buildConfigurationList = 617C552B29AE114C0088C411 /* Build configuration list for PBXNativeTarget "TecorbGraphQL" */;
			buildPhases = (
				F5AA5A7F0B28B00D00441944 /* [CP] Check Pods Manifest.lock */,
				617C551329AE114B0088C411 /* Sources */,
				617C551429AE114B0088C411 /* Frameworks */,
				617C551529AE114B0088C411 /* Resources */,
				B3B36DA81E5441E90679EA7B /* [CP] Embed Pods Frameworks */,
			);
			buildRules = (
			);
			dependencies = (
			);
			name = TecorbGraphQL;
			productName = TecorbGraphQL;
			productReference = 6182338629AF71B000DF733D /* TecorbGraphQL.app */;
			productType = "com.apple.product-type.application";
		};
/* End PBXNativeTarget section */

/* Begin PBXProject section */
		617C550F29AE114B0088C411 /* Project object */ = {
			isa = PBXProject;
			attributes = {
				BuildIndependentTargetsInParallel = 1;
				LastSwiftUpdateCheck = 1400;
				LastUpgradeCheck = 1400;
				TargetAttributes = {
					617C551629AE114B0088C411 = {
						CreatedOnToolsVersion = 14.0.1;
					};
				};
			};
			buildConfigurationList = 617C551229AE114B0088C411 /* Build configuration list for PBXProject "TecorbGraphQL" */;
			compatibilityVersion = "Xcode 13.0";
			developmentRegion = en;
			hasScannedForEncodings = 0;
			knownRegions = (
				en,
				Base,
			);
			mainGroup = 617C550E29AE114B0088C411;
			productRefGroup = 617C550E29AE114B0088C411;
			projectDirPath = "";
			projectRoot = "";
			targets = (
				617C551629AE114B0088C411 /* TecorbGraphQL */,
			);
		};
/* End PBXProject section */

/* Begin PBXResourcesBuildPhase section */
		617C551529AE114B0088C411 /* Resources */ = {
			isa = PBXResourcesBuildPhase;
			buildActionMask = 2147483647;
			files = (
				617C554729AE18240088C411 /* Queries.graphql in Resources */,
				61780ABD29B07458008D2BB4 /* schema.json in Resources */,
				617C552729AE114C0088C411 /* LaunchScreen.storyboard in Resources */,
				617C552429AE114C0088C411 /* Assets.xcassets in Resources */,
				617C552229AE114B0088C411 /* Main.storyboard in Resources */,
			);
			runOnlyForDeploymentPostprocessing = 0;
		};
/* End PBXResourcesBuildPhase section */

/* Begin PBXShellScriptBuildPhase section */
		B3B36DA81E5441E90679EA7B /* [CP] Embed Pods Frameworks */ = {
			isa = PBXShellScriptBuildPhase;
			buildActionMask = 2147483647;
			files = (
			);
			inputFileListPaths = (
				"${PODS_ROOT}/Target Support Files/Pods-TecorbGraphQL/Pods-TecorbGraphQL-frameworks-${CONFIGURATION}-input-files.xcfilelist",
			);
			name = "[CP] Embed Pods Frameworks";
			outputFileListPaths = (
				"${PODS_ROOT}/Target Support Files/Pods-TecorbGraphQL/Pods-TecorbGraphQL-frameworks-${CONFIGURATION}-output-files.xcfilelist",
			);
			runOnlyForDeploymentPostprocessing = 0;
			shellPath = /bin/sh;
			shellScript = "\"${PODS_ROOT}/Target Support Files/Pods-TecorbGraphQL/Pods-TecorbGraphQL-frameworks.sh\"\n";
			showEnvVarsInLog = 0;
		};
		F5AA5A7F0B28B00D00441944 /* [CP] Check Pods Manifest.lock */ = {
			isa = PBXShellScriptBuildPhase;
			buildActionMask = 2147483647;
			files = (
			);
			inputFileListPaths = (
			);
			inputPaths = (
				"${PODS_PODFILE_DIR_PATH}/Podfile.lock",
				"${PODS_ROOT}/Manifest.lock",
			);
			name = "[CP] Check Pods Manifest.lock";
			outputFileListPaths = (
			);
			outputPaths = (
				"$(DERIVED_FILE_DIR)/Pods-TecorbGraphQL-checkManifestLockResult.txt",
			);
			runOnlyForDeploymentPostprocessing = 0;
			shellPath = /bin/sh;
			shellScript = "diff \"${PODS_PODFILE_DIR_PATH}/Podfile.lock\" \"${PODS_ROOT}/Manifest.lock\" > /dev/null\nif [ $? != 0 ] ; then\n    # print error to STDERR\n    echo \"error: The sandbox is not in sync with the Podfile.lock. Run 'pod install' or update your CocoaPods installation.\" >&2\n    exit 1\nfi\n# This output is used by Xcode 'outputs' to avoid re-running this script phase.\necho \"SUCCESS\" > \"${SCRIPT_OUTPUT_FILE_0}\"\n";
			showEnvVarsInLog = 0;
		};
/* End PBXShellScriptBuildPhase section */

/* Begin PBXSourcesBuildPhase section */
		617C551329AE114B0088C411 /* Sources */ = {
			isa = PBXSourcesBuildPhase;
			buildActionMask = 2147483647;
			files = (
				617C551F29AE114B0088C411 /* ViewController.swift in Sources */,
				617C551B29AE114B0088C411 /* AppDelegate.swift in Sources */,
				617C554629AE18240088C411 /* Apollo.swift in Sources */,
				617C551D29AE114B0088C411 /* SceneDelegate.swift in Sources */,
				6180DBD329B5B2BD00341C75 /* LoginWithGraphQLViewController.swift in Sources */,
				617C554829AE18240088C411 /* API.swift in Sources */,
			);
			runOnlyForDeploymentPostprocessing = 0;
		};
/* End PBXSourcesBuildPhase section */

/* Begin PBXVariantGroup section */
		617C552029AE114B0088C411 /* Main.storyboard */ = {
			isa = PBXVariantGroup;
			children = (
				617C552129AE114B0088C411 /* Base */,
			);
			name = Main.storyboard;
			sourceTree = "<group>";
		};
		617C552529AE114C0088C411 /* LaunchScreen.storyboard */ = {
			isa = PBXVariantGroup;
			children = (
				617C552629AE114C0088C411 /* Base */,
			);
			name = LaunchScreen.storyboard;
			sourceTree = "<group>";
		};
/* End PBXVariantGroup section */

/* Begin XCBuildConfiguration section */
		617C552929AE114C0088C411 /* Debug */ = {
			isa = XCBuildConfiguration;
			buildSettings = {
				ALWAYS_SEARCH_USER_PATHS = NO;
				CLANG_ANALYZER_NONNULL = YES;
				CLANG_ANALYZER_NUMBER_OBJECT_CONVERSION = YES_AGGRESSIVE;
				CLANG_CXX_LANGUAGE_STANDARD = "gnu++20";
				CLANG_ENABLE_MODULES = YES;
				CLANG_ENABLE_OBJC_ARC = YES;
				CLANG_ENABLE_OBJC_WEAK = YES;
				CLANG_WARN_BLOCK_CAPTURE_AUTORELEASING = YES;
				CLANG_WARN_BOOL_CONVERSION = YES;
				CLANG_WARN_COMMA = YES;
				CLANG_WARN_CONSTANT_CONVERSION = YES;
				CLANG_WARN_DEPRECATED_OBJC_IMPLEMENTATIONS = YES;
				CLANG_WARN_DIRECT_OBJC_ISA_USAGE = YES_ERROR;
				CLANG_WARN_DOCUMENTATION_COMMENTS = YES;
				CLANG_WARN_EMPTY_BODY = YES;
				CLANG_WARN_ENUM_CONVERSION = YES;
				CLANG_WARN_INFINITE_RECURSION = YES;
				CLANG_WARN_INT_CONVERSION = YES;
				CLANG_WARN_NON_LITERAL_NULL_CONVERSION = YES;
				CLANG_WARN_OBJC_IMPLICIT_RETAIN_SELF = YES;
				CLANG_WARN_OBJC_LITERAL_CONVERSION = YES;
				CLANG_WARN_OBJC_ROOT_CLASS = YES_ERROR;
				CLANG_WARN_QUOTED_INCLUDE_IN_FRAMEWORK_HEADER = YES;
				CLANG_WARN_RANGE_LOOP_ANALYSIS = YES;
				CLANG_WARN_STRICT_PROTOTYPES = YES;
				CLANG_WARN_SUSPICIOUS_MOVE = YES;
				CLANG_WARN_UNGUARDED_AVAILABILITY = YES_AGGRESSIVE;
				CLANG_WARN_UNREACHABLE_CODE = YES;
				CLANG_WARN__DUPLICATE_METHOD_MATCH = YES;
				COPY_PHASE_STRIP = NO;
				DEBUG_INFORMATION_FORMAT = dwarf;
				ENABLE_STRICT_OBJC_MSGSEND = YES;
				ENABLE_TESTABILITY = YES;
				GCC_C_LANGUAGE_STANDARD = gnu11;
				GCC_DYNAMIC_NO_PIC = NO;
				GCC_NO_COMMON_BLOCKS = YES;
				GCC_OPTIMIZATION_LEVEL = 0;
				GCC_PREPROCESSOR_DEFINITIONS = (
					"DEBUG=1",
					"$(inherited)",
				);
				GCC_WARN_64_TO_32_BIT_CONVERSION = YES;
				GCC_WARN_ABOUT_RETURN_TYPE = YES_ERROR;
				GCC_WARN_UNDECLARED_SELECTOR = YES;
				GCC_WARN_UNINITIALIZED_AUTOS = YES_AGGRESSIVE;
				GCC_WARN_UNUSED_FUNCTION = YES;
				GCC_WARN_UNUSED_VARIABLE = YES;
				IPHONEOS_DEPLOYMENT_TARGET = 16.0;
				MTL_ENABLE_DEBUG_INFO = INCLUDE_SOURCE;
				MTL_FAST_MATH = YES;
				ONLY_ACTIVE_ARCH = YES;
				SDKROOT = iphoneos;
				SWIFT_ACTIVE_COMPILATION_CONDITIONS = DEBUG;
				SWIFT_OPTIMIZATION_LEVEL = "-Onone";
			};
			name = Debug;
		};
		617C552A29AE114C0088C411 /* Release */ = {
			isa = XCBuildConfiguration;
			buildSettings = {
				ALWAYS_SEARCH_USER_PATHS = NO;
				CLANG_ANALYZER_NONNULL = YES;
				CLANG_ANALYZER_NUMBER_OBJECT_CONVERSION = YES_AGGRESSIVE;
				CLANG_CXX_LANGUAGE_STANDARD = "gnu++20";
				CLANG_ENABLE_MODULES = YES;
				CLANG_ENABLE_OBJC_ARC = YES;
				CLANG_ENABLE_OBJC_WEAK = YES;
				CLANG_WARN_BLOCK_CAPTURE_AUTORELEASING = YES;
				CLANG_WARN_BOOL_CONVERSION = YES;
				CLANG_WARN_COMMA = YES;
				CLANG_WARN_CONSTANT_CONVERSION = YES;
				CLANG_WARN_DEPRECATED_OBJC_IMPLEMENTATIONS = YES;
				CLANG_WARN_DIRECT_OBJC_ISA_USAGE = YES_ERROR;
				CLANG_WARN_DOCUMENTATION_COMMENTS = YES;
				CLANG_WARN_EMPTY_BODY = YES;
				CLANG_WARN_ENUM_CONVERSION = YES;
				CLANG_WARN_INFINITE_RECURSION = YES;
				CLANG_WARN_INT_CONVERSION = YES;
				CLANG_WARN_NON_LITERAL_NULL_CONVERSION = YES;
				CLANG_WARN_OBJC_IMPLICIT_RETAIN_SELF = YES;
				CLANG_WARN_OBJC_LITERAL_CONVERSION = YES;
				CLANG_WARN_OBJC_ROOT_CLASS = YES_ERROR;
				CLANG_WARN_QUOTED_INCLUDE_IN_FRAMEWORK_HEADER = YES;
				CLANG_WARN_RANGE_LOOP_ANALYSIS = YES;
				CLANG_WARN_STRICT_PROTOTYPES = YES;
				CLANG_WARN_SUSPICIOUS_MOVE = YES;
				CLANG_WARN_UNGUARDED_AVAILABILITY = YES_AGGRESSIVE;
				CLANG_WARN_UNREACHABLE_CODE = YES;
				CLANG_WARN__DUPLICATE_METHOD_MATCH = YES;
				COPY_PHASE_STRIP = NO;
				DEBUG_INFORMATION_FORMAT = "dwarf-with-dsym";
				ENABLE_NS_ASSERTIONS = NO;
				ENABLE_STRICT_OBJC_MSGSEND = YES;
				GCC_C_LANGUAGE_STANDARD = gnu11;
				GCC_NO_COMMON_BLOCKS = YES;
				GCC_WARN_64_TO_32_BIT_CONVERSION = YES;
				GCC_WARN_ABOUT_RETURN_TYPE = YES_ERROR;
				GCC_WARN_UNDECLARED_SELECTOR = YES;
				GCC_WARN_UNINITIALIZED_AUTOS = YES_AGGRESSIVE;
				GCC_WARN_UNUSED_FUNCTION = YES;
				GCC_WARN_UNUSED_VARIABLE = YES;
				IPHONEOS_DEPLOYMENT_TARGET = 16.0;
				MTL_ENABLE_DEBUG_INFO = NO;
				MTL_FAST_MATH = YES;
				SDKROOT = iphoneos;
				SWIFT_COMPILATION_MODE = wholemodule;
				SWIFT_OPTIMIZATION_LEVEL = "-O";
				VALIDATE_PRODUCT = YES;
			};
			name = Release;
		};
		617C552C29AE114C0088C411 /* Debug */ = {
			isa = XCBuildConfiguration;
			baseConfigurationReference = 6C51AA56922C6369EB03A3E3 /* Pods-TecorbGraphQL.debug.xcconfig */;
			buildSettings = {
				ASSETCATALOG_COMPILER_APPICON_NAME = AppIcon;
				ASSETCATALOG_COMPILER_GLOBAL_ACCENT_COLOR_NAME = AccentColor;
				CODE_SIGN_STYLE = Automatic;
				CURRENT_PROJECT_VERSION = 1;
				DEVELOPMENT_TEAM = AJ67RUJC7P;
				GENERATE_INFOPLIST_FILE = YES;
				INFOPLIST_FILE = TecorbGraphQL/Info.plist;
				INFOPLIST_KEY_UIApplicationSupportsIndirectInputEvents = YES;
				INFOPLIST_KEY_UILaunchStoryboardName = LaunchScreen;
				INFOPLIST_KEY_UIMainStoryboardFile = Main;
				INFOPLIST_KEY_UISupportedInterfaceOrientations_iPad = "UIInterfaceOrientationPortrait UIInterfaceOrientationPortraitUpsideDown UIInterfaceOrientationLandscapeLeft UIInterfaceOrientationLandscapeRight";
				INFOPLIST_KEY_UISupportedInterfaceOrientations_iPhone = "UIInterfaceOrientationPortrait UIInterfaceOrientationLandscapeLeft UIInterfaceOrientationLandscapeRight";
				LD_RUNPATH_SEARCH_PATHS = (
					"$(inherited)",
					"@executable_path/Frameworks",
				);
				MARKETING_VERSION = 1.0;
				PRODUCT_BUNDLE_IDENTIFIER = tecorb.TecorbGraphQL;
				PRODUCT_NAME = "$(TARGET_NAME)";
				SWIFT_EMIT_LOC_STRINGS = YES;
				SWIFT_VERSION = 5.0;
				TARGETED_DEVICE_FAMILY = "1,2";
			};
			name = Debug;
		};
		617C552D29AE114C0088C411 /* Release */ = {
			isa = XCBuildConfiguration;
			baseConfigurationReference = 1244878B5D3A7888B1400690 /* Pods-TecorbGraphQL.release.xcconfig */;
			buildSettings = {
				ASSETCATALOG_COMPILER_APPICON_NAME = AppIcon;
				ASSETCATALOG_COMPILER_GLOBAL_ACCENT_COLOR_NAME = AccentColor;
				CODE_SIGN_STYLE = Automatic;
				CURRENT_PROJECT_VERSION = 1;
				DEVELOPMENT_TEAM = AJ67RUJC7P;
				GENERATE_INFOPLIST_FILE = YES;
				INFOPLIST_FILE = TecorbGraphQL/Info.plist;
				INFOPLIST_KEY_UIApplicationSupportsIndirectInputEvents = YES;
				INFOPLIST_KEY_UILaunchStoryboardName = LaunchScreen;
				INFOPLIST_KEY_UIMainStoryboardFile = Main;
				INFOPLIST_KEY_UISupportedInterfaceOrientations_iPad = "UIInterfaceOrientationPortrait UIInterfaceOrientationPortraitUpsideDown UIInterfaceOrientationLandscapeLeft UIInterfaceOrientationLandscapeRight";
				INFOPLIST_KEY_UISupportedInterfaceOrientations_iPhone = "UIInterfaceOrientationPortrait UIInterfaceOrientationLandscapeLeft UIInterfaceOrientationLandscapeRight";
				LD_RUNPATH_SEARCH_PATHS = (
					"$(inherited)",
					"@executable_path/Frameworks",
				);
				MARKETING_VERSION = 1.0;
				PRODUCT_BUNDLE_IDENTIFIER = tecorb.TecorbGraphQL;
				PRODUCT_NAME = "$(TARGET_NAME)";
				SWIFT_EMIT_LOC_STRINGS = YES;
				SWIFT_VERSION = 5.0;
				TARGETED_DEVICE_FAMILY = "1,2";
			};
			name = Release;
		};
/* End XCBuildConfiguration section */

/* Begin XCConfigurationList section */
		617C551229AE114B0088C411 /* Build configuration list for PBXProject "TecorbGraphQL" */ = {
			isa = XCConfigurationList;
			buildConfigurations = (
				617C552929AE114C0088C411 /* Debug */,
				617C552A29AE114C0088C411 /* Release */,
			);
			defaultConfigurationIsVisible = 0;
			defaultConfigurationName = Release;
		};
		617C552B29AE114C0088C411 /* Build configuration list for PBXNativeTarget "TecorbGraphQL" */ = {
			isa = XCConfigurationList;
			buildConfigurations = (
				617C552C29AE114C0088C411 /* Debug */,
				617C552D29AE114C0088C411 /* Release */,
			);
			defaultConfigurationIsVisible = 0;
			defaultConfigurationName = Release;
		};
/* End XCConfigurationList section */
	};
	rootObject = 617C550F29AE114B0088C411 /* Project object */;
}
